// !$*UTF8*$!
{
	archiveVersion = 1;
	classes = {
	};
	objectVersion = 46;
	objects = {

/* Begin PBXBuildFile section */
		F34297A91865F87700138981 /* MockHTTP_server.c in Sources */ = {isa = PBXBuildFile; fileRef = F33CD839185F9871008890DD /* MockHTTP_server.c */; };
		F34297AA1865F87E00138981 /* MockHTTP_private.h in Headers */ = {isa = PBXBuildFile; fileRef = F33CD836185C62DD008890DD /* MockHTTP_private.h */; };
		F34297AB1865F88000138981 /* MockHTTP.c in Sources */ = {isa = PBXBuildFile; fileRef = F33CD834185BBA22008890DD /* MockHTTP.c */; };
		F34297AC1865F88600138981 /* MockHTTP.h in Headers */ = {isa = PBXBuildFile; fileRef = F31C552F185B9683006958E7 /* MockHTTP.h */; };
		F34297AE1865F88A00138981 /* expectations.c in Sources */ = {isa = PBXBuildFile; fileRef = F33CD829185BA2E0008890DD /* expectations.c */; };
		F34297AF1865F88A00138981 /* httpClient.c in Sources */ = {isa = PBXBuildFile; fileRef = F33CD83A1860DCC5008890DD /* httpClient.c */; };
		F3BEC100186EC8C6004073DE /* CuTest.c in Sources */ = {isa = PBXBuildFile; fileRef = F3BEC0FC186EC8C6004073DE /* CuTest.c */; };
		F3BEC101186EC8C6004073DE /* CuTest.h in Headers */ = {isa = PBXBuildFile; fileRef = F3BEC0FD186EC8C6004073DE /* CuTest.h */; };
		F3BEC104186EC965004073DE /* tests.h in Headers */ = {isa = PBXBuildFile; fileRef = F3BEC103186EC965004073DE /* tests.h */; };
/* End PBXBuildFile section */

/* Begin PBXFileReference section */
		F300DA86188A9BC3000C423C /* msg */ = {isa = PBXFileReference; fileEncoding = 4; lastKnownFileType = text; path = msg; sourceTree = "<group>"; };
		F31C552F185B9683006958E7 /* MockHTTP.h */ = {isa = PBXFileReference; fileEncoding = 4; lastKnownFileType = sourcecode.c.h; path = MockHTTP.h; sourceTree = "<group>"; };
		F33CD826185B9F6C008890DD /* Makefile */ = {isa = PBXFileReference; fileEncoding = 4; lastKnownFileType = sourcecode.make; path = Makefile; sourceTree = "<group>"; };
		F33CD829185BA2E0008890DD /* expectations.c */ = {isa = PBXFileReference; lastKnownFileType = sourcecode.c.c; path = expectations.c; sourceTree = "<group>"; };
		F33CD834185BBA22008890DD /* MockHTTP.c */ = {isa = PBXFileReference; fileEncoding = 4; lastKnownFileType = sourcecode.c.c; path = MockHTTP.c; sourceTree = "<group>"; };
		F33CD836185C62DD008890DD /* MockHTTP_private.h */ = {isa = PBXFileReference; fileEncoding = 4; lastKnownFileType = sourcecode.c.h; path = MockHTTP_private.h; sourceTree = "<group>"; };
		F33CD839185F9871008890DD /* MockHTTP_server.c */ = {isa = PBXFileReference; lastKnownFileType = sourcecode.c.c; path = MockHTTP_server.c; sourceTree = "<group>"; };
		F33CD83A1860DCC5008890DD /* httpClient.c */ = {isa = PBXFileReference; lastKnownFileType = sourcecode.c.c; path = httpClient.c; sourceTree = "<group>"; };
		F34297A41865F86A00138981 /* libdummylib.a */ = {isa = PBXFileReference; explicitFileType = archive.ar; includeInIndex = 0; path = libdummylib.a; sourceTree = BUILT_PRODUCTS_DIR; };
		F3BEC0FC186EC8C6004073DE /* CuTest.c */ = {isa = PBXFileReference; fileEncoding = 4; lastKnownFileType = sourcecode.c.c; path = CuTest.c; sourceTree = "<group>"; };
		F3BEC0FD186EC8C6004073DE /* CuTest.h */ = {isa = PBXFileReference; fileEncoding = 4; lastKnownFileType = sourcecode.c.h; path = CuTest.h; sourceTree = "<group>"; };
		F3BEC103186EC965004073DE /* tests.h */ = {isa = PBXFileReference; fileEncoding = 4; lastKnownFileType = sourcecode.c.h; path = tests.h; sourceTree = "<group>"; };
		F3BEC105186ECD44004073DE /* README.md */ = {isa = PBXFileReference; fileEncoding = 4; lastKnownFileType = text; path = README.md; sourceTree = "<group>"; };
		F3BEC11F1872B476004073DE /* README.md */ = {isa = PBXFileReference; fileEncoding = 4; lastKnownFileType = text; path = README.md; sourceTree = "<group>"; };
		F3BEC1201872B476004073DE /* LICENSE */ = {isa = PBXFileReference; fileEncoding = 4; lastKnownFileType = text; path = LICENSE; sourceTree = "<group>"; };
/* End PBXFileReference section */

/* Begin PBXFrameworksBuildPhase section */
		F34297A11865F86A00138981 /* Frameworks */ = {
			isa = PBXFrameworksBuildPhase;
			buildActionMask = 2147483647;
			files = (
			);
			runOnlyForDeploymentPostprocessing = 0;
		};
/* End PBXFrameworksBuildPhase section */

/* Begin PBXGroup section */
		F31C5524185B964C006958E7 = {
			isa = PBXGroup;
			children = (
				F300DA86188A9BC3000C423C /* msg */,
				F3BEC11F1872B476004073DE /* README.md */,
				F3BEC1201872B476004073DE /* LICENSE */,
				F33CD839185F9871008890DD /* MockHTTP_server.c */,
				F33CD836185C62DD008890DD /* MockHTTP_private.h */,
				F33CD834185BBA22008890DD /* MockHTTP.c */,
				F33CD826185B9F6C008890DD /* Makefile */,
				F31C552F185B9683006958E7 /* MockHTTP.h */,
				F33CD827185BA2C9008890DD /* tests */,
				F34297A51865F86A00138981 /* Products */,
			);
			sourceTree = "<group>";
		};
		F33CD827185BA2C9008890DD /* tests */ = {
			isa = PBXGroup;
			children = (
				F3BEC103186EC965004073DE /* tests.h */,
				F33CD829185BA2E0008890DD /* expectations.c */,
				F33CD83A1860DCC5008890DD /* httpClient.c */,
				F3BEC0FB186EC8C6004073DE /* CuTest */,
			);
			path = tests;
			sourceTree = "<group>";
		};
		F34297A51865F86A00138981 /* Products */ = {
			isa = PBXGroup;
			children = (
				F34297A41865F86A00138981 /* libdummylib.a */,
			);
			name = Products;
			sourceTree = "<group>";
		};
		F3BEC0FB186EC8C6004073DE /* CuTest */ = {
			isa = PBXGroup;
			children = (
				F3BEC105186ECD44004073DE /* README.md */,
				F3BEC0FC186EC8C6004073DE /* CuTest.c */,
				F3BEC0FD186EC8C6004073DE /* CuTest.h */,
			);
			path = CuTest;
			sourceTree = "<group>";
		};
/* End PBXGroup section */

/* Begin PBXHeadersBuildPhase section */
		F34297A21865F86A00138981 /* Headers */ = {
			isa = PBXHeadersBuildPhase;
			buildActionMask = 2147483647;
			files = (
				F3BEC104186EC965004073DE /* tests.h in Headers */,
				F34297AC1865F88600138981 /* MockHTTP.h in Headers */,
				F34297AA1865F87E00138981 /* MockHTTP_private.h in Headers */,
				F3BEC101186EC8C6004073DE /* CuTest.h in Headers */,
			);
			runOnlyForDeploymentPostprocessing = 0;
		};
/* End PBXHeadersBuildPhase section */

/* Begin PBXLegacyTarget section */
		F31C5529185B964C006958E7 /* MockHTTPInC */ = {
			isa = PBXLegacyTarget;
			buildArgumentsString = "$(ACTION)";
			buildConfigurationList = F31C552C185B964C006958E7 /* Build configuration list for PBXLegacyTarget "MockHTTPInC" */;
			buildPhases = (
			);
			buildToolPath = make;
			buildWorkingDirectory = /Users/lgo/dev/MockHTTPInC;
			dependencies = (
			);
			name = MockHTTPInC;
			passBuildSettingsInEnvironment = 1;
			productName = MockHttpInC;
		};
/* End PBXLegacyTarget section */

/* Begin PBXNativeTarget section */
		F34297A31865F86A00138981 /* dummylib */ = {
			isa = PBXNativeTarget;
			buildConfigurationList = F34297A81865F86A00138981 /* Build configuration list for PBXNativeTarget "dummylib" */;
			buildPhases = (
				F34297A01865F86A00138981 /* Sources */,
				F34297A11865F86A00138981 /* Frameworks */,
				F34297A21865F86A00138981 /* Headers */,
			);
			buildRules = (
			);
			dependencies = (
			);
			name = dummylib;
			productName = dummylib;
			productReference = F34297A41865F86A00138981 /* libdummylib.a */;
			productType = "com.apple.product-type.library.static";
		};
/* End PBXNativeTarget section */

/* Begin PBXProject section */
		F31C5525185B964C006958E7 /* Project object */ = {
			isa = PBXProject;
			attributes = {
				LastUpgradeCheck = 0500;
				ORGANIZATIONNAME = lgo;
			};
			buildConfigurationList = F31C5528185B964C006958E7 /* Build configuration list for PBXProject "MockHTTPInC" */;
			compatibilityVersion = "Xcode 3.2";
			developmentRegion = English;
			hasScannedForEncodings = 0;
			knownRegions = (
				en,
			);
			mainGroup = F31C5524185B964C006958E7;
			productRefGroup = F34297A51865F86A00138981 /* Products */;
			projectDirPath = "";
			projectRoot = "";
			targets = (
				F31C5529185B964C006958E7 /* MockHTTPInC */,
				F34297A31865F86A00138981 /* dummylib */,
			);
		};
/* End PBXProject section */

/* Begin PBXSourcesBuildPhase section */
		F34297A01865F86A00138981 /* Sources */ = {
			isa = PBXSourcesBuildPhase;
			buildActionMask = 2147483647;
			files = (
				F34297AF1865F88A00138981 /* httpClient.c in Sources */,
				F34297A91865F87700138981 /* MockHTTP_server.c in Sources */,
				F34297AB1865F88000138981 /* MockHTTP.c in Sources */,
				F34297AE1865F88A00138981 /* expectations.c in Sources */,
				F3BEC100186EC8C6004073DE /* CuTest.c in Sources */,
			);
			runOnlyForDeploymentPostprocessing = 0;
		};
/* End PBXSourcesBuildPhase section */

/* Begin XCBuildConfiguration section */
		F31C552A185B964C006958E7 /* Debug */ = {
			isa = XCBuildConfiguration;
			buildSettings = {
				ALWAYS_SEARCH_USER_PATHS = NO;
				CLANG_CXX_LANGUAGE_STANDARD = "gnu++0x";
				CLANG_CXX_LIBRARY = "libc++";
				CLANG_ENABLE_OBJC_ARC = YES;
				CLANG_WARN_BOOL_CONVERSION = YES;
				CLANG_WARN_CONSTANT_CONVERSION = YES;
				CLANG_WARN_DIRECT_OBJC_ISA_USAGE = YES_ERROR;
				CLANG_WARN_EMPTY_BODY = YES;
				CLANG_WARN_ENUM_CONVERSION = YES;
				CLANG_WARN_INT_CONVERSION = YES;
				CLANG_WARN_OBJC_ROOT_CLASS = YES_ERROR;
				CLANG_WARN__DUPLICATE_METHOD_MATCH = YES;
				COPY_PHASE_STRIP = NO;
				GCC_C_LANGUAGE_STANDARD = gnu99;
				GCC_DYNAMIC_NO_PIC = NO;
				GCC_ENABLE_OBJC_EXCEPTIONS = YES;
				GCC_OPTIMIZATION_LEVEL = 0;
				GCC_PREPROCESSOR_DEFINITIONS = (
					"DEBUG=1",
					"$(inherited)",
				);
				GCC_SYMBOLS_PRIVATE_EXTERN = NO;
				GCC_WARN_64_TO_32_BIT_CONVERSION = YES;
				GCC_WARN_ABOUT_RETURN_TYPE = YES_ERROR;
				GCC_WARN_UNDECLARED_SELECTOR = YES;
				GCC_WARN_UNINITIALIZED_AUTOS = YES;
				GCC_WARN_UNUSED_FUNCTION = YES;
				GCC_WARN_UNUSED_VARIABLE = YES;
				MACOSX_DEPLOYMENT_TARGET = 10.9;
				ONLY_ACTIVE_ARCH = YES;
				SDKROOT = macosx;
			};
			name = Debug;
		};
		F31C552B185B964C006958E7 /* Release */ = {
			isa = XCBuildConfiguration;
			buildSettings = {
				ALWAYS_SEARCH_USER_PATHS = NO;
				CLANG_CXX_LANGUAGE_STANDARD = "gnu++0x";
				CLANG_CXX_LIBRARY = "libc++";
				CLANG_ENABLE_OBJC_ARC = YES;
				CLANG_WARN_BOOL_CONVERSION = YES;
				CLANG_WARN_CONSTANT_CONVERSION = YES;
				CLANG_WARN_DIRECT_OBJC_ISA_USAGE = YES_ERROR;
				CLANG_WARN_EMPTY_BODY = YES;
				CLANG_WARN_ENUM_CONVERSION = YES;
				CLANG_WARN_INT_CONVERSION = YES;
				CLANG_WARN_OBJC_ROOT_CLASS = YES_ERROR;
				CLANG_WARN__DUPLICATE_METHOD_MATCH = YES;
				COPY_PHASE_STRIP = YES;
				DEBUG_INFORMATION_FORMAT = "dwarf-with-dsym";
				ENABLE_NS_ASSERTIONS = NO;
				GCC_C_LANGUAGE_STANDARD = gnu99;
				GCC_ENABLE_OBJC_EXCEPTIONS = YES;
				GCC_WARN_64_TO_32_BIT_CONVERSION = YES;
				GCC_WARN_ABOUT_RETURN_TYPE = YES_ERROR;
				GCC_WARN_UNDECLARED_SELECTOR = YES;
				GCC_WARN_UNINITIALIZED_AUTOS = YES;
				GCC_WARN_UNUSED_FUNCTION = YES;
				GCC_WARN_UNUSED_VARIABLE = YES;
				MACOSX_DEPLOYMENT_TARGET = 10.9;
				SDKROOT = macosx;
			};
			name = Release;
		};
		F31C552D185B964C006958E7 /* Debug */ = {
			isa = XCBuildConfiguration;
			buildSettings = {
				DEBUGGING_SYMBOLS = YES;
				GCC_GENERATE_DEBUGGING_SYMBOLS = YES;
				GCC_OPTIMIZATION_LEVEL = 0;
				OTHER_CFLAGS = "";
				OTHER_LDFLAGS = "";
				PRODUCT_NAME = MockHTTPinC;
			};
			name = Debug;
		};
		F31C552E185B964C006958E7 /* Release */ = {
			isa = XCBuildConfiguration;
			buildSettings = {
				OTHER_CFLAGS = "";
				OTHER_LDFLAGS = "";
				PRODUCT_NAME = MockHTTPinC;
			};
			name = Release;
		};
		F34297A61865F86A00138981 /* Debug */ = {
			isa = XCBuildConfiguration;
			buildSettings = {
				EXECUTABLE_PREFIX = lib;
				GCC_PREPROCESSOR_DEFINITIONS = (
					"DEBUG=1",
					"$(inherited)",
				);
				PRODUCT_NAME = "$(TARGET_NAME)";
			};
			name = Debug;
		};
		F34297A71865F86A00138981 /* Release */ = {
			isa = XCBuildConfiguration;
			buildSettings = {
				EXECUTABLE_PREFIX = lib;
				PRODUCT_NAME = "$(TARGET_NAME)";
			};
			name = Release;
		};
/* End XCBuildConfiguration section */

/* Begin XCConfigurationList section */
		F31C5528185B964C006958E7 /* Build configuration list for PBXProject "MockHTTPInC" */ = {
			isa = XCConfigurationList;
			buildConfigurations = (
				F31C552A185B964C006958E7 /* Debug */,
				F31C552B185B964C006958E7 /* Release */,
			);
			defaultConfigurationIsVisible = 0;
			defaultConfigurationName = Release;
		};
		F31C552C185B964C006958E7 /* Build configuration list for PBXLegacyTarget "MockHTTPInC" */ = {
			isa = XCConfigurationList;
			buildConfigurations = (
				F31C552D185B964C006958E7 /* Debug */,
				F31C552E185B964C006958E7 /* Release */,
			);
			defaultConfigurationIsVisible = 0;
			defaultConfigurationName = Release;
		};
		F34297A81865F86A00138981 /* Build configuration list for PBXNativeTarget "dummylib" */ = {
			isa = XCConfigurationList;
			buildConfigurations = (
				F34297A61865F86A00138981 /* Debug */,
				F34297A71865F86A00138981 /* Release */,
			);
			defaultConfigurationIsVisible = 0;
			defaultConfigurationName = Release;
		};
/* End XCConfigurationList section */
	};
	rootObject = F31C5525185B964C006958E7 /* Project object */;
}
